
Microsoft Visual Studio Solution File, Format Version 12.00
# Visual Studio Version 16
VisualStudioVersion = 16.0.31005.135
MinimumVisualStudioVersion = 10.0.40219.1
Project("{9A19103F-16F7-4668-BE54-9A1E7A4F7556}") = "LongestSubstringWithoutRepeatingCharacters", "FB LeetCode\LongestSubstringWithoutRepeatingCharacters.csproj", "{49F57390-0F87-41A9-8F5C-487C0E6E3844}"
EndProject
Project("{2150E333-8FDC-42A3-9474-1A3956D46DE8}") = "ArraysStrings", "ArraysStrings", "{CF8F158A-B52B-4197-B919-6E0120E5A5C1}"
EndProject
Project("{9A19103F-16F7-4668-BE54-9A1E7A4F7556}") = "StringToIntegerAtoi", "ConsoleApp1\StringToIntegerAtoi.csproj", "{0AE8A12B-D59F-4B9B-B86A-3D49F2C92FD4}"
EndProject
Project("{9A19103F-16F7-4668-BE54-9A1E7A4F7556}") = "RomanToIneger", "RomanToIneger\RomanToIneger.csproj", "{36B59726-0586-4889-B1C7-F8C3A40C4652}"
EndProject
Project("{9A19103F-16F7-4668-BE54-9A1E7A4F7556}") = "3Sum", "3Sum\3Sum.csproj", "{FC447CFE-F8BD-4516-8358-658AF468846A}"
EndProject
Project("{FAE04EC0-301F-11D3-BF4B-00C04F79EFBC}") = "RemoveDuplicatesFromSortedArray", "RemoveDuplicatesFromSortedArray\RemoveDuplicatesFromSortedArray.csproj", "{406281AB-67A3-4714-A9D3-D2F1DB84063E}"
EndProject
Project("{FAE04EC0-301F-11D3-BF4B-00C04F79EFBC}") = "NextPermutation", "NextPermutation\NextPermutation.csproj", "{AC6B57BB-50FB-4A28-83DE-F2267ABEFC83}"
EndProject
Global
	GlobalSection(SolutionConfigurationPlatforms) = preSolution
		Debug|Any CPU = Debug|Any CPU
		Release|Any CPU = Release|Any CPU
	EndGlobalSection
	GlobalSection(ProjectConfigurationPlatforms) = postSolution
		{49F57390-0F87-41A9-8F5C-487C0E6E3844}.Debug|Any CPU.ActiveCfg = Debug|Any CPU
		{49F57390-0F87-41A9-8F5C-487C0E6E3844}.Debug|Any CPU.Build.0 = Debug|Any CPU
		{49F57390-0F87-41A9-8F5C-487C0E6E3844}.Release|Any CPU.ActiveCfg = Release|Any CPU
		{49F57390-0F87-41A9-8F5C-487C0E6E3844}.Release|Any CPU.Build.0 = Release|Any CPU
		{0AE8A12B-D59F-4B9B-B86A-3D49F2C92FD4}.Debug|Any CPU.ActiveCfg = Debug|Any CPU
		{0AE8A12B-D59F-4B9B-B86A-3D49F2C92FD4}.Debug|Any CPU.Build.0 = Debug|Any CPU
		{0AE8A12B-D59F-4B9B-B86A-3D49F2C92FD4}.Release|Any CPU.ActiveCfg = Release|Any CPU
		{0AE8A12B-D59F-4B9B-B86A-3D49F2C92FD4}.Release|Any CPU.Build.0 = Release|Any CPU
		{36B59726-0586-4889-B1C7-F8C3A40C4652}.Debug|Any CPU.ActiveCfg = Debug|Any CPU
		{36B59726-0586-4889-B1C7-F8C3A40C4652}.Debug|Any CPU.Build.0 = Debug|Any CPU
		{36B59726-0586-4889-B1C7-F8C3A40C4652}.Release|Any CPU.ActiveCfg = Release|Any CPU
		{36B59726-0586-4889-B1C7-F8C3A40C4652}.Release|Any CPU.Build.0 = Release|Any CPU
		{FC447CFE-F8BD-4516-8358-658AF468846A}.Debug|Any CPU.ActiveCfg = Debug|Any CPU
		{FC447CFE-F8BD-4516-8358-658AF468846A}.Debug|Any CPU.Build.0 = Debug|Any CPU
		{FC447CFE-F8BD-4516-8358-658AF468846A}.Release|Any CPU.ActiveCfg = Release|Any CPU
		{FC447CFE-F8BD-4516-8358-658AF468846A}.Release|Any CPU.Build.0 = Release|Any CPU
		{406281AB-67A3-4714-A9D3-D2F1DB84063E}.Debug|Any CPU.ActiveCfg = Debug|Any CPU
		{406281AB-67A3-4714-A9D3-D2F1DB84063E}.Debug|Any CPU.Build.0 = Debug|Any CPU
		{406281AB-67A3-4714-A9D3-D2F1DB84063E}.Release|Any CPU.ActiveCfg = Release|Any CPU
		{406281AB-67A3-4714-A9D3-D2F1DB84063E}.Release|Any CPU.Build.0 = Release|Any CPU
		{AC6B57BB-50FB-4A28-83DE-F2267ABEFC83}.Debug|Any CPU.ActiveCfg = Debug|Any CPU
		{AC6B57BB-50FB-4A28-83DE-F2267ABEFC83}.Debug|Any CPU.Build.0 = Debug|Any CPU
		{AC6B57BB-50FB-4A28-83DE-F2267ABEFC83}.Release|Any CPU.ActiveCfg = Release|Any CPU
		{AC6B57BB-50FB-4A28-83DE-F2267ABEFC83}.Release|Any CPU.Build.0 = Release|Any CPU
	EndGlobalSection
	GlobalSection(SolutionProperties) = preSolution
		HideSolutionNode = FALSE
	EndGlobalSection
	GlobalSection(NestedProjects) = preSolution
		{49F57390-0F87-41A9-8F5C-487C0E6E3844} = {CF8F158A-B52B-4197-B919-6E0120E5A5C1}
		{0AE8A12B-D59F-4B9B-B86A-3D49F2C92FD4} = {CF8F158A-B52B-4197-B919-6E0120E5A5C1}
		{36B59726-0586-4889-B1C7-F8C3A40C4652} = {CF8F158A-B52B-4197-B919-6E0120E5A5C1}
		{FC447CFE-F8BD-4516-8358-658AF468846A} = {CF8F158A-B52B-4197-B919-6E0120E5A5C1}
		{406281AB-67A3-4714-A9D3-D2F1DB84063E} = {CF8F158A-B52B-4197-B919-6E0120E5A5C1}
		{AC6B57BB-50FB-4A28-83DE-F2267ABEFC83} = {CF8F158A-B52B-4197-B919-6E0120E5A5C1}
	EndGlobalSection
	GlobalSection(ExtensibilityGlobals) = postSolution
		SolutionGuid = {F4E10527-5AD9-4A50-8D72-12FCAB4E1E77}
	EndGlobalSection
EndGlobal
